
Microsoft Visual Studio Solution File, Format Version 12.00
# Visual Studio 15
VisualStudioVersion = 15.0.26124.0
MinimumVisualStudioVersion = 15.0.26124.0
Project("{2150E333-8FDC-42A3-9474-1A3956D46DE8}") = "src", "src", "{D9225820-26D9-4CA2-8E18-6E93F05D7802}"
EndProject
Project("{FAE04EC0-301F-11D3-BF4B-00C04F79EFBC}") = "PV178.Homeworks.HW04", "src\PV178.Homeworks.HW04\PV178.Homeworks.HW04.csproj", "{FC705058-9EB4-46A0-91FE-8EC7FA633EBF}"
EndProject
Project("{FAE04EC0-301F-11D3-BF4B-00C04F79EFBC}") = "PV178.Homeworks.HW04.Tests", "src\PV178.Homeworks.HW04.Tests\PV178.Homeworks.HW04.Tests.csproj", "{7F91BD82-0341-4AEE-BB26-A02304BF8D37}"
EndProject
Global
	GlobalSection(SolutionConfigurationPlatforms) = preSolution
		Debug|Any CPU = Debug|Any CPU
		Debug|x64 = Debug|x64
		Debug|x86 = Debug|x86
		Release|Any CPU = Release|Any CPU
		Release|x64 = Release|x64
		Release|x86 = Release|x86
	EndGlobalSection
	GlobalSection(SolutionProperties) = preSolution
		HideSolutionNode = FALSE
	EndGlobalSection
	GlobalSection(ProjectConfigurationPlatforms) = postSolution
		{FC705058-9EB4-46A0-91FE-8EC7FA633EBF}.Debug|Any CPU.ActiveCfg = Debug|Any CPU
		{FC705058-9EB4-46A0-91FE-8EC7FA633EBF}.Debug|Any CPU.Build.0 = Debug|Any CPU
		{FC705058-9EB4-46A0-91FE-8EC7FA633EBF}.Debug|x64.ActiveCfg = Debug|Any CPU
		{FC705058-9EB4-46A0-91FE-8EC7FA633EBF}.Debug|x64.Build.0 = Debug|Any CPU
		{FC705058-9EB4-46A0-91FE-8EC7FA633EBF}.Debug|x86.ActiveCfg = Debug|Any CPU
		{FC705058-9EB4-46A0-91FE-8EC7FA633EBF}.Debug|x86.Build.0 = Debug|Any CPU
		{FC705058-9EB4-46A0-91FE-8EC7FA633EBF}.Release|Any CPU.ActiveCfg = Release|Any CPU
		{FC705058-9EB4-46A0-91FE-8EC7FA633EBF}.Release|Any CPU.Build.0 = Release|Any CPU
		{FC705058-9EB4-46A0-91FE-8EC7FA633EBF}.Release|x64.ActiveCfg = Release|Any CPU
		{FC705058-9EB4-46A0-91FE-8EC7FA633EBF}.Release|x64.Build.0 = Release|Any CPU
		{FC705058-9EB4-46A0-91FE-8EC7FA633EBF}.Release|x86.ActiveCfg = Release|Any CPU
		{FC705058-9EB4-46A0-91FE-8EC7FA633EBF}.Release|x86.Build.0 = Release|Any CPU
		{7F91BD82-0341-4AEE-BB26-A02304BF8D37}.Debug|Any CPU.ActiveCfg = Debug|Any CPU
		{7F91BD82-0341-4AEE-BB26-A02304BF8D37}.Debug|Any CPU.Build.0 = Debug|Any CPU
		{7F91BD82-0341-4AEE-BB26-A02304BF8D37}.Debug|x64.ActiveCfg = Debug|Any CPU
		{7F91BD82-0341-4AEE-BB26-A02304BF8D37}.Debug|x64.Build.0 = Debug|Any CPU
		{7F91BD82-0341-4AEE-BB26-A02304BF8D37}.Debug|x86.ActiveCfg = Debug|Any CPU
		{7F91BD82-0341-4AEE-BB26-A02304BF8D37}.Debug|x86.Build.0 = Debug|Any CPU
		{7F91BD82-0341-4AEE-BB26-A02304BF8D37}.Release|Any CPU.ActiveCfg = Release|Any CPU
		{7F91BD82-0341-4AEE-BB26-A02304BF8D37}.Release|Any CPU.Build.0 = Release|Any CPU
		{7F91BD82-0341-4AEE-BB26-A02304BF8D37}.Release|x64.ActiveCfg = Release|Any CPU
		{7F91BD82-0341-4AEE-BB26-A02304BF8D37}.Release|x64.Build.0 = Release|Any CPU
		{7F91BD82-0341-4AEE-BB26-A02304BF8D37}.Release|x86.ActiveCfg = Release|Any CPU
		{7F91BD82-0341-4AEE-BB26-A02304BF8D37}.Release|x86.Build.0 = Release|Any CPU
	EndGlobalSection
	GlobalSection(NestedProjects) = preSolution
		{FC705058-9EB4-46A0-91FE-8EC7FA633EBF} = {D9225820-26D9-4CA2-8E18-6E93F05D7802}
		{7F91BD82-0341-4AEE-BB26-A02304BF8D37} = {D9225820-26D9-4CA2-8E18-6E93F05D7802}
	EndGlobalSection
EndGlobal
